{
    "_readme": [
        "This file locks the dependencies of your project to a known state",
        "Read more about it at https://getcomposer.org/doc/01-basic-usage.md#composer-lock-the-lock-file",
        "This file is @generated automatically"
    ],
    "content-hash": "92b48a7f10677911ffcfb5d4c6fc8be6",
    "packages": [
        {
            "name": "cocur/slugify",
            "version": "v3.1",
            "source": {
                "type": "git",
                "url": "https://github.com/cocur/slugify.git",
                "reference": "b2ccf7b735f4f3df3979aef2e1ebf8e19ca772f7"
            },
            "dist": {
                "type": "zip",
                "url": "https://api.github.com/repos/cocur/slugify/zipball/b2ccf7b735f4f3df3979aef2e1ebf8e19ca772f7",
                "reference": "b2ccf7b735f4f3df3979aef2e1ebf8e19ca772f7",
                "shasum": ""
            },
            "require": {
                "ext-mbstring": "*",
                "php": ">=5.5.9"
            },
            "require-dev": {
                "laravel/framework": "~5.1",
                "latte/latte": "~2.2",
                "league/container": "^2.2.0",
                "mikey179/vfsstream": "~1.6",
                "mockery/mockery": "~0.9",
                "nette/di": "~2.2",
                "phpunit/phpunit": "~4.8|~5.2",
                "pimple/pimple": "~1.1",
                "plumphp/plum": "~0.1",
                "silex/silex": "~1.3",
                "symfony/config": "~2.4|~3.0",
                "symfony/dependency-injection": "~2.4|~3.0",
                "symfony/http-kernel": "~2.4|~3.0",
                "twig/twig": "~1.26|~2.0",
                "zendframework/zend-modulemanager": "~2.2",
                "zendframework/zend-servicemanager": "~2.2",
                "zendframework/zend-view": "~2.2"
            },
            "type": "library",
            "autoload": {
                "psr-4": {
                    "Cocur\\Slugify\\": "src"
                }
            },
            "notification-url": "https://packagist.org/downloads/",
            "license": [
                "MIT"
            ],
            "authors": [
                {
                    "name": "Ivo Bathke",
                    "email": "ivo.bathke@gmail.com"
                },
                {
                    "name": "Florian Eckerstorfer",
                    "email": "florian@eckerstorfer.co",
                    "homepage": "https://florian.ec"
                }
            ],
            "description": "Converts a string into a slug.",
            "keywords": [
                "slug",
                "slugify"
            ],
            "time": "2018-01-22T09:00:48+00:00"
        },
        {
            "name": "josantonius/request",
            "version": "1.1.7",
            "source": {
                "type": "git",
                "url": "https://github.com/Josantonius/php-request.git",
                "reference": "c83968fa7ee8e4bd87e1b096c43b419022040a1e"
            },
            "dist": {
                "type": "zip",
                "url": "https://api.github.com/repos/Josantonius/php-request/zipball/c83968fa7ee8e4bd87e1b096c43b419022040a1e",
                "reference": "c83968fa7ee8e4bd87e1b096c43b419022040a1e",
                "shasum": ""
            },
            "require": {
                "php": "^5.6 || ^7.0"
            },
            "require-dev": {
                "friendsofphp/php-cs-fixer": "^2.3 || ^2.8",
                "phpmd/phpmd": "^2.6",
                "phpunit/phpunit": "^5.7 || ^6.0",
                "squizlabs/php_codesniffer": "^3.0"
            },
            "type": "library",
            "extra": {
                "branch-alias": {
                    "dev-master": "1.0-dev"
                }
            },
            "autoload": {
                "psr-4": {
                    "Josantonius\\Request\\": "src/"
                }
            },
            "notification-url": "https://packagist.org/downloads/",
            "license": [
                "MIT"
            ],
            "authors": [
                {
                    "name": "Josantonius",
                    "email": "hello@josantonius.com",
                    "homepage": "https://josantonius.com",
                    "role": "Developer"
                }
            ],
            "description": "PHP library for handling requests.",
            "keywords": [
                "ajax",
                "delete",
                "get",
                "http methods",
                "php",
                "post",
                "put",
                "request"
            ],
            "time": "2018-09-24T13:38:04+00:00"
        },
        {
            "name": "josantonius/session",
            "version": "1.1.8",
            "source": {
                "type": "git",
                "url": "https://github.com/Josantonius/PHP-Session.git",
                "reference": "08b09ad43927d172963d15da29259bcdf90a8f43"
            },
            "dist": {
                "type": "zip",
                "url": "https://api.github.com/repos/Josantonius/PHP-Session/zipball/08b09ad43927d172963d15da29259bcdf90a8f43",
                "reference": "08b09ad43927d172963d15da29259bcdf90a8f43",
                "shasum": ""
            },
            "require": {
                "php": "^5.6 || ^7.0"
            },
            "require-dev": {
                "friendsofphp/php-cs-fixer": "^2.3 || ^2.8",
                "phpmd/phpmd": "^2.6",
                "phpunit/phpunit": "^5.7 || ^6.0",
                "squizlabs/php_codesniffer": "^3.0"
            },
            "type": "library",
            "extra": {
                "branch-alias": {
                    "dev-master": "1.0-dev"
                }
            },
            "autoload": {
                "psr-4": {
                    "Josantonius\\Session\\": "src/"
                }
            },
            "notification-url": "https://packagist.org/downloads/",
            "license": [
                "MIT"
            ],
            "authors": [
                {
                    "name": "Josantonius",
                    "email": "hello@josantonius.com",
                    "homepage": "https://josantonius.com",
                    "role": "Developer"
                }
            ],
            "description": "PHP library for handling sessions.",
            "keywords": [
                "hhvm",
                "php",
                "session"
            ],
            "time": "2018-05-04T08:30:19+00:00"
        },
        {
            "name": "josantonius/url",
            "version": "1.2.1",
            "source": {
                "type": "git",
                "url": "https://github.com/Josantonius/PHP-Url.git",
                "reference": "275999f891dd345b2a3332b3ec1125cb873885b8"
            },
            "dist": {
                "type": "zip",
                "url": "https://api.github.com/repos/Josantonius/PHP-Url/zipball/275999f891dd345b2a3332b3ec1125cb873885b8",
                "reference": "275999f891dd345b2a3332b3ec1125cb873885b8",
                "shasum": ""
            },
            "require": {
                "php": "^5.6 || ^7.0"
            },
            "require-dev": {
                "friendsofphp/php-cs-fixer": "^2.3 || ^2.8",
                "phpmd/phpmd": "^2.6",
                "phpunit/phpunit": "^5.7 || ^6.0",
                "squizlabs/php_codesniffer": "^3.0"
            },
            "type": "library",
            "extra": {
                "branch-alias": {
                    "dev-master": "1.0-dev"
                }
            },
            "autoload": {
                "psr-4": {
                    "Josantonius\\Url\\": "src/"
                }
            },
            "notification-url": "https://packagist.org/downloads/",
            "license": [
                "MIT"
            ],
            "authors": [
                {
                    "name": "Josantonius",
                    "email": "hello@josantonius.com",
                    "homepage": "https://josantonius.com",
                    "role": "Developer"
                }
            ],
            "description": "Library for urls manipulation.",
            "keywords": [
                "hhvm",
                "https",
                "path",
                "php",
                "uri",
                "url"
            ],
            "time": "2018-04-17T18:18:48+00:00"
        },
        {
            "name": "josegonzalez/dotenv",
            "version": "3.2.0",
            "source": {
                "type": "git",
                "url": "https://github.com/josegonzalez/php-dotenv.git",
                "reference": "f19174d9d7213a6c20e8e5e268aa7dd042d821ca"
            },
            "dist": {
                "type": "zip",
                "url": "https://api.github.com/repos/josegonzalez/php-dotenv/zipball/f19174d9d7213a6c20e8e5e268aa7dd042d821ca",
                "reference": "f19174d9d7213a6c20e8e5e268aa7dd042d821ca",
                "shasum": ""
            },
            "require": {
                "m1/env": "2.*",
                "php": ">=5.5.0"
            },
            "require-dev": {
                "php-mock/php-mock-phpunit": "^1.1",
                "satooshi/php-coveralls": "1.*",
                "squizlabs/php_codesniffer": "2.*"
            },
            "type": "library",
            "autoload": {
                "psr-0": {
                    "josegonzalez\\Dotenv": [
                        "src",
                        "tests"
                    ]
                }
            },
            "notification-url": "https://packagist.org/downloads/",
            "license": [
                "MIT"
            ],
            "authors": [
                {
                    "name": "Jose Diaz-Gonzalez",
                    "email": "dotenv@josegonzalez.com",
                    "homepage": "http://josediazgonzalez.com",
                    "role": "Maintainer"
                }
            ],
            "description": "dotenv file parsing for PHP",
            "homepage": "https://github.com/josegonzalez/php-dotenv",
            "keywords": [
                "configuration",
                "dotenv",
                "php"
            ],
            "time": "2017-09-19T15:49:58+00:00"
        },
        {
            "name": "m1/env",
            "version": "2.1.2",
            "source": {
                "type": "git",
                "url": "https://github.com/m1/Env.git",
                "reference": "294addeedf15e1149eeb96ec829f2029d2017d39"
            },
            "dist": {
                "type": "zip",
                "url": "https://api.github.com/repos/m1/Env/zipball/294addeedf15e1149eeb96ec829f2029d2017d39",
                "reference": "294addeedf15e1149eeb96ec829f2029d2017d39",
                "shasum": ""
            },
            "require": {
                "php": ">=5.3.0"
            },
            "require-dev": {
                "phpunit/phpunit": "4.*",
                "scrutinizer/ocular": "~1.1",
                "squizlabs/php_codesniffer": "^2.3"
            },
            "suggest": {
                "josegonzalez/dotenv": "For loading of .env",
                "m1/vars": "For loading of configs"
            },
            "type": "library",
            "autoload": {
                "psr-4": {
                    "M1\\Env\\": "src"
                }
            },
            "notification-url": "https://packagist.org/downloads/",
            "license": [
                "MIT"
            ],
            "authors": [
                {
                    "name": "Miles Croxford",
                    "email": "hello@milescroxford.com",
                    "homepage": "http://milescroxford.com",
                    "role": "Developer"
                }
            ],
            "description": "Env is a lightweight library bringing .env file parser compatibility to PHP. In short - it enables you to read .env files with PHP.",
            "homepage": "https://github.com/m1/Env",
            "keywords": [
                ".env",
                "config",
                "dotenv",
                "env",
                "loader",
                "m1",
                "parser",
                "support"
            ],
            "time": "2018-06-19T18:55:08+00:00"
        },
        {
            "name": "verot/class.upload.php",
            "version": "dev-master",
            "source": {
                "type": "git",
                "url": "https://github.com/verot/class.upload.php.git",
                "reference": "6a4bcb5383634ebf3e802e0eae51af553988c7e8"
            },
            "dist": {
                "type": "zip",
                "url": "https://api.github.com/repos/verot/class.upload.php/zipball/6a4bcb5383634ebf3e802e0eae51af553988c7e8",
                "reference": "6a4bcb5383634ebf3e802e0eae51af553988c7e8",
                "shasum": ""
            },
            "require": {
                "php": ">=4"
            },
            "type": "library",
            "autoload": {
                "classmap": [
                    "src/class.upload.php"
                ]
            },
            "notification-url": "https://packagist.org/downloads/",
            "license": [
                "GPL-2.0-only"
            ],
            "authors": [
                {
                    "name": "Colin Verot",
                    "email": "colin@verot.net"
                }
            ],
            "description": "This PHP class uploads files and manipulates images very easily.",
            "homepage": "http://www.verot.net/php_class_upload.htm",
            "keywords": [
                "gd",
                "upload"
            ],
            "time": "2018-10-31T20:29:58+00:00"
        }
    ],
    "packages-dev": [],
    "aliases": [],
    "minimum-stability": "stable",
    "stability-flags": {
        "verot/class.upload.php": 20
    },
    "prefer-stable": false,
    "prefer-lowest": false,
    "platform": [],
    "platform-dev": []
}
